%{
  "codepagex": {:hex, :codepagex, "0.1.4", "dae3bc57e9334c324914b32ed61c0a30929fac3e73dc71fc611ed7eeb2dcb867", [:mix], [], "hexpm", "21710d98fb2bc03a4d44365b66aba569c3a9267437cfafd09ca27ed92a99c75e"},
  "csv": {:hex, :csv, "2.4.1", "50e32749953b6bf9818dbfed81cf1190e38cdf24f95891303108087486c5925e", [:mix], [{:parallel_stream, "~> 1.0.4", [hex: :parallel_stream, repo: "hexpm", optional: false]}], "hexpm", "54508938ac67e27966b10ef49606e3ad5995d665d7fc2688efb3eab1307c9079"},
  "erlsom": {:hex, :erlsom, "1.5.0", "c5a5cdd0ee0e8dca62bcc4b13ff08da24fdefc16ccd8b25282a2fda2ba1be24a", [:rebar3], [], "hexpm", "55a9dbf9cfa77fcfc108bd8e2c4f9f784dea228a8f4b06ea10b684944946955a"},
  "iconv": {:hex, :iconv, "1.0.10", "fc7de75c0a1fbc1e4ed0c68637ae7464a5dd9eee81710fff26321922d144ecea", [:rebar3], [{:p1_utils, "1.0.13", [hex: :p1_utils, repo: "hexpm", optional: false]}], "hexpm", "fd9724f78b7659f6def69ac3883a3d2327bc0798898ec378ed2d4798f9e2d503"},
  "p1_utils": {:hex, :p1_utils, "1.0.13", "176577cafb54a8c2fdc0a7fc62b9a21ab0f66588f4062792cd9e65f3e500bfdb", [:rebar3], [], "hexpm", "68a081f69b478bc309a857f45957ab5c921da5d4ebd755520b983a5626230a3e"},
  "parallel_stream": {:hex, :parallel_stream, "1.0.6", "b967be2b23f0f6787fab7ed681b4c45a215a81481fb62b01a5b750fa8f30f76c", [:mix], [], "hexpm", "639b2e8749e11b87b9eb42f2ad325d161c170b39b288ac8d04c4f31f8f0823eb"},
  "saxy": {:hex, :saxy, "1.2.0", "da3401bf472d0a1f4b04fd138ff63f3d9055b5e5209cd4a150e01819962c6348", [:mix], [], "hexpm", "c0fe73e8d6328c8a8c8dc1ea432592d52648a0e0e18918385a92bc10dc269790"},
  "setup": {:hex, :setup, "1.8.4", "738db0685dc1741f45c6a9bf78478e0d5877f3d0876c0b50fd02f0210edb5aa4", [:rebar3], [], "hexpm", "dde429443bcf40519eb02e45caa589a3d0193a8bf59cfafe8270e2b883f37430"},
  "xlsx_reader": {:hex, :xlsx_reader, "0.4.0", "0c6dde58fa4d50b069955bc14ba0fcaa8055f1e194e1b146d97517de2178f8f0", [:mix], [{:decimal, "~> 1.0", [hex: :decimal, repo: "hexpm", optional: true]}, {:saxy, "~> 1.2.0", [hex: :saxy, repo: "hexpm", optional: false]}], "hexpm", "6ecba1eeac9288474c37c68325cc21ac3ba6c05c7043648d9530c46378a375e3"},
  "xlsxir": {:hex, :xlsxir, "1.6.4", "d1e69439cbd9edc1190950f9f883ac364e1f31641e0395ccdb27761791b169a3", [:mix], [{:erlsom, "~> 1.5", [hex: :erlsom, repo: "hexpm", optional: false]}], "hexpm", "38e91f65eb8a4c8dea07d941c8b7e21baf8c8d4938232395c9ffd19d2eb071f2"},
}
